{
  "name": "frontend",
  "lockfileVersion": 3,
  "requires": true,
  "packages": {
    "": {
      "dependencies": {
        "express-custom-error": "^1.9.4"
      }
    },
    "node_modules/express-custom-error": {
      "version": "1.9.4",
      "resolved": "https://registry.npmjs.org/express-custom-error/-/express-custom-error-1.9.4.tgz",
      "integrity": "sha512-AzWx//X0NS8xL5YDy0gsFykW6/M/PVJxfWhpKX7wiYm5nuLZqTLI/LH2aUlBFMrJ8/XKBF689cVGiZsb2maqEw==",
      "license": "ISC"
    }
  }
}
